
Microsoft Visual Studio Solution File, Format Version 12.00
Project("{FAE04EC0-301F-11D3-BF4B-00C04F79EFBC}") = "SimpleTests", "SimpleTests\SimpleTests.csproj", "{90091FBC-5C0F-420A-B2BE-BF4068A39341}"
EndProject
Project("{FAE04EC0-301F-11D3-BF4B-00C04F79EFBC}") = "Entities", "Entities\Entities.csproj", "{36967375-0A47-4113-ABED-D9CE41D7E344}"
EndProject
Project("{FAE04EC0-301F-11D3-BF4B-00C04F79EFBC}") = "EntitiesService", "EntitiesService\EntitiesService.csproj", "{BC3F6F61-53AE-40B6-A93A-4E085D57701D}"
EndProject
Global
	GlobalSection(SolutionConfigurationPlatforms) = preSolution
		Debug|Any CPU = Debug|Any CPU
		Release|Any CPU = Release|Any CPU
	EndGlobalSection
	GlobalSection(ProjectConfigurationPlatforms) = postSolution
		{90091FBC-5C0F-420A-B2BE-BF4068A39341}.Debug|Any CPU.ActiveCfg = Debug|Any CPU
		{90091FBC-5C0F-420A-B2BE-BF4068A39341}.Debug|Any CPU.Build.0 = Debug|Any CPU
		{90091FBC-5C0F-420A-B2BE-BF4068A39341}.Release|Any CPU.ActiveCfg = Release|Any CPU
		{90091FBC-5C0F-420A-B2BE-BF4068A39341}.Release|Any CPU.Build.0 = Release|Any CPU
		{36967375-0A47-4113-ABED-D9CE41D7E344}.Debug|Any CPU.ActiveCfg = Debug|Any CPU
		{36967375-0A47-4113-ABED-D9CE41D7E344}.Debug|Any CPU.Build.0 = Debug|Any CPU
		{36967375-0A47-4113-ABED-D9CE41D7E344}.Release|Any CPU.ActiveCfg = Release|Any CPU
		{36967375-0A47-4113-ABED-D9CE41D7E344}.Release|Any CPU.Build.0 = Release|Any CPU
		{BC3F6F61-53AE-40B6-A93A-4E085D57701D}.Debug|Any CPU.ActiveCfg = Debug|Any CPU
		{BC3F6F61-53AE-40B6-A93A-4E085D57701D}.Debug|Any CPU.Build.0 = Debug|Any CPU
		{BC3F6F61-53AE-40B6-A93A-4E085D57701D}.Release|Any CPU.ActiveCfg = Release|Any CPU
		{BC3F6F61-53AE-40B6-A93A-4E085D57701D}.Release|Any CPU.Build.0 = Release|Any CPU
	EndGlobalSection
EndGlobal
